
Microsoft Visual Studio Solution File, Format Version 12.00
# Visual Studio Version 16
VisualStudioVersion = 16.0.29503.13
MinimumVisualStudioVersion = 10.0.40219.1
Project("{FAE04EC0-301F-11D3-BF4B-00C04F79EFBC}") = "count_the_frequency", "count_the_frequency\count_the_frequency.csproj", "{983AA87B-CF04-4546-923F-F5B639BD4BA3}"
EndProject
Global
	GlobalSection(SolutionConfigurationPlatforms) = preSolution
		Debug|Any CPU = Debug|Any CPU
		Release|Any CPU = Release|Any CPU
	EndGlobalSection
	GlobalSection(ProjectConfigurationPlatforms) = postSolution
		{983AA87B-CF04-4546-923F-F5B639BD4BA3}.Debug|Any CPU.ActiveCfg = Debug|Any CPU
		{983AA87B-CF04-4546-923F-F5B639BD4BA3}.Debug|Any CPU.Build.0 = Debug|Any CPU
		{983AA87B-CF04-4546-923F-F5B639BD4BA3}.Release|Any CPU.ActiveCfg = Release|Any CPU
		{983AA87B-CF04-4546-923F-F5B639BD4BA3}.Release|Any CPU.Build.0 = Release|Any CPU
	EndGlobalSection
	GlobalSection(SolutionProperties) = preSolution
		HideSolutionNode = FALSE
	EndGlobalSection
	GlobalSection(ExtensibilityGlobals) = postSolution
		SolutionGuid = {37A15A60-8378-4741-BD0A-5D729F630B78}
	EndGlobalSection
EndGlobal
